{
    "version": 3,
    "terraform_version": "0.9.5",
    "serial": 63,
    "lineage": "db2246c6-03bf-4da3-9e52-765b0bb6bf24",
    "modules": [
        {
            "path": [
                "root"
            ],
            "outputs": {
                "nginx_webserver_public_dns": {
                    "sensitive": false,
                    "type": "string",
                    "value": "[ ec2-54-69-209-87.us-west-2.compute.amazonaws.com ]"
                }
            },
            "resources": {
                "aws_instance.nginx_webserver": {
                    "type": "aws_instance",
                    "depends_on": [
                        "aws_key_pair.terraformkeypair",
                        "aws_security_group.sg_nginx"
                    ],
                    "primary": {
                        "id": "i-0cdce8fb3dabd43e9",
                        "attributes": {
                            "ami": "ami-efd0428f",
                            "associate_public_ip_address": "true",
                            "availability_zone": "us-west-2c",
                            "disable_api_termination": "false",
                            "ebs_block_device.#": "0",
                            "ebs_optimized": "false",
                            "ephemeral_block_device.#": "0",
                            "iam_instance_profile": "",
                            "id": "i-0cdce8fb3dabd43e9",
                            "instance_state": "running",
                            "instance_type": "t2.micro",
                            "ipv6_address_count": "0",
                            "ipv6_addresses.#": "0",
                            "key_name": "terraform",
                            "monitoring": "false",
                            "network_interface.#": "0",
                            "network_interface_id": "eni-bfa392b0",
                            "primary_network_interface_id": "eni-bfa392b0",
                            "private_dns": "ip-172-31-13-27.us-west-2.compute.internal",
                            "private_ip": "172.31.13.27",
                            "public_dns": "ec2-54-69-209-87.us-west-2.compute.amazonaws.com",
                            "public_ip": "54.69.209.87",
                            "root_block_device.#": "1",
                            "root_block_device.0.delete_on_termination": "true",
                            "root_block_device.0.iops": "100",
                            "root_block_device.0.volume_size": "8",
                            "root_block_device.0.volume_type": "gp2",
                            "security_groups.#": "1",
                            "security_groups.3804160591": "sg_webserver",
                            "source_dest_check": "true",
                            "subnet_id": "subnet-73034a2b",
                            "tags.%": "1",
                            "tags.Name": "webserver",
                            "tenancy": "default",
                            "volume_tags.%": "0",
                            "vpc_security_group_ids.#": "0"
                        },
                        "meta": {
                            "schema_version": "1"
                        },
                        "tainted": false
                    },
                    "deposed": [],
                    "provider": ""
                },
                "aws_key_pair.terraformkeypair": {
                    "type": "aws_key_pair",
                    "depends_on": [],
                    "primary": {
                        "id": "terraform",
                        "attributes": {
                            "id": "terraform",
                            "key_name": "terraform",
                            "public_key": "ssh-rsa AAAAB3NzaC1yc2EAAAADAQABAAABAQCJ200QR5KO8Htn59JpeBYwjkdxxbfmX/z2aD08vnyGyoRpETb0Ev/TV3FFUQzOr7AWgU6nVdnCel/OZvf/e10Ea2r5rG57W1kkAaPX283NVDnSs6THEL+9yRg1IwZfQKbiveVufc/bQVfnZoP9MYxPHjeJ78Z9ghCCtf4yH8hXcmfhSSJzlp0/i7V0kXJZS7HIKK/BO0vC3wmrkxmP2svU2NdZVNH9dtq8YAfcB2Zs5erD+k2IOQu+LVj8yHrOfRaR+pMq1PS6wCH1Wc6tsTY/FLrYSPQ51WkjKj++2xreDg6FUdenda20y+BiNswuJI3XryghEy7MGhVBUqxkX42Z"
                        },
                        "meta": {
                            "schema_version": "1"
                        },
                        "tainted": false
                    },
                    "deposed": [],
                    "provider": ""
                },
                "aws_security_group.sg_nginx": {
                    "type": "aws_security_group",
                    "depends_on": [],
                    "primary": {
                        "id": "sg-d8d5f8a3",
                        "attributes": {
                            "description": "Allows all traffic for now.",
                            "egress.#": "1",
                            "egress.482069346.cidr_blocks.#": "1",
                            "egress.482069346.cidr_blocks.0": "0.0.0.0/0",
                            "egress.482069346.from_port": "0",
                            "egress.482069346.ipv6_cidr_blocks.#": "0",
                            "egress.482069346.prefix_list_ids.#": "0",
                            "egress.482069346.protocol": "-1",
                            "egress.482069346.security_groups.#": "0",
                            "egress.482069346.self": "false",
                            "egress.482069346.to_port": "0",
                            "id": "sg-d8d5f8a3",
                            "ingress.#": "3",
                            "ingress.2214680975.cidr_blocks.#": "1",
                            "ingress.2214680975.cidr_blocks.0": "0.0.0.0/0",
                            "ingress.2214680975.from_port": "80",
                            "ingress.2214680975.ipv6_cidr_blocks.#": "0",
                            "ingress.2214680975.protocol": "tcp",
                            "ingress.2214680975.security_groups.#": "0",
                            "ingress.2214680975.self": "false",
                            "ingress.2214680975.to_port": "80",
                            "ingress.2541437006.cidr_blocks.#": "1",
                            "ingress.2541437006.cidr_blocks.0": "0.0.0.0/0",
                            "ingress.2541437006.from_port": "22",
                            "ingress.2541437006.ipv6_cidr_blocks.#": "0",
                            "ingress.2541437006.protocol": "tcp",
                            "ingress.2541437006.security_groups.#": "0",
                            "ingress.2541437006.self": "false",
                            "ingress.2541437006.to_port": "22",
                            "ingress.2617001939.cidr_blocks.#": "1",
                            "ingress.2617001939.cidr_blocks.0": "0.0.0.0/0",
                            "ingress.2617001939.from_port": "443",
                            "ingress.2617001939.ipv6_cidr_blocks.#": "0",
                            "ingress.2617001939.protocol": "tcp",
                            "ingress.2617001939.security_groups.#": "0",
                            "ingress.2617001939.self": "false",
                            "ingress.2617001939.to_port": "443",
                            "name": "sg_webserver",
                            "owner_id": "653931956080",
                            "tags.%": "0",
                            "vpc_id": "vpc-4709a920"
                        },
                        "meta": {},
                        "tainted": false
                    },
                    "deposed": [],
                    "provider": ""
                }
            },
            "depends_on": []
        }
    ]
}
